
Microsoft Visual Studio Solution File, Format Version 12.00
# Visual Studio Version 17
VisualStudioVersion = 17.9.34622.214
MinimumVisualStudioVersion = 10.0.40219.1
Project("{9A19103F-16F7-4668-BE54-9A1E7A4F7556}") = "LeetCode.Algorithms.Easy", "LeetCode.Algorithms.Easy\LeetCode.Algorithms.Easy.csproj", "{3DD0AAF9-349B-4188-A869-25ABC59676D8}"
EndProject
Project("{FAE04EC0-301F-11D3-BF4B-00C04F79EFBC}") = "LeetCode.Algorithms.Easy.Tests", "LeetCode.Algorithms.Easy.Tests\LeetCode.Algorithms.Easy.Tests.csproj", "{32D92BA8-E00D-4BC4-A1D8-55BE1BC457D4}"
EndProject
Global
	GlobalSection(SolutionConfigurationPlatforms) = preSolution
		Debug|Any CPU = Debug|Any CPU
		Release|Any CPU = Release|Any CPU
	EndGlobalSection
	GlobalSection(ProjectConfigurationPlatforms) = postSolution
		{3DD0AAF9-349B-4188-A869-25ABC59676D8}.Debug|Any CPU.ActiveCfg = Debug|Any CPU
		{3DD0AAF9-349B-4188-A869-25ABC59676D8}.Debug|Any CPU.Build.0 = Debug|Any CPU
		{3DD0AAF9-349B-4188-A869-25ABC59676D8}.Release|Any CPU.ActiveCfg = Release|Any CPU
		{3DD0AAF9-349B-4188-A869-25ABC59676D8}.Release|Any CPU.Build.0 = Release|Any CPU
		{32D92BA8-E00D-4BC4-A1D8-55BE1BC457D4}.Debug|Any CPU.ActiveCfg = Debug|Any CPU
		{32D92BA8-E00D-4BC4-A1D8-55BE1BC457D4}.Debug|Any CPU.Build.0 = Debug|Any CPU
		{32D92BA8-E00D-4BC4-A1D8-55BE1BC457D4}.Release|Any CPU.ActiveCfg = Release|Any CPU
		{32D92BA8-E00D-4BC4-A1D8-55BE1BC457D4}.Release|Any CPU.Build.0 = Release|Any CPU
	EndGlobalSection
	GlobalSection(SolutionProperties) = preSolution
		HideSolutionNode = FALSE
	EndGlobalSection
	GlobalSection(ExtensibilityGlobals) = postSolution
		SolutionGuid = {B1A653BB-BE51-47F3-BC2F-4818818014CE}
	EndGlobalSection
EndGlobal
